
Microsoft Visual Studio Solution File, Format Version 12.00
# Visual Studio Version 16
VisualStudioVersion = 16.0.30711.63
MinimumVisualStudioVersion = 10.0.40219.1
Project("{FAE04EC0-301F-11D3-BF4B-00C04F79EFBC}") = "CreaScriptOts", "CreaScriptOts\CreaScriptOts.csproj", "{157D9D7A-3101-4AF9-AB9E-0FA93310ACE4}"
EndProject
Global
	GlobalSection(SolutionConfigurationPlatforms) = preSolution
		Debug|Any CPU = Debug|Any CPU
		Release|Any CPU = Release|Any CPU
	EndGlobalSection
	GlobalSection(ProjectConfigurationPlatforms) = postSolution
		{157D9D7A-3101-4AF9-AB9E-0FA93310ACE4}.Debug|Any CPU.ActiveCfg = Debug|Any CPU
		{157D9D7A-3101-4AF9-AB9E-0FA93310ACE4}.Debug|Any CPU.Build.0 = Debug|Any CPU
		{157D9D7A-3101-4AF9-AB9E-0FA93310ACE4}.Release|Any CPU.ActiveCfg = Release|Any CPU
		{157D9D7A-3101-4AF9-AB9E-0FA93310ACE4}.Release|Any CPU.Build.0 = Release|Any CPU
	EndGlobalSection
	GlobalSection(SolutionProperties) = preSolution
		HideSolutionNode = FALSE
	EndGlobalSection
	GlobalSection(ExtensibilityGlobals) = postSolution
		SolutionGuid = {DD2E3E0E-3F09-4E7B-80FA-EA53BDDBB6D9}
	EndGlobalSection
EndGlobal
